
Microsoft Visual Studio Solution File, Format Version 12.00
# Visual Studio Version 17
Project("{2150E333-8FDC-42A3-9474-1A3956D46DE8}") = "CMakePredefinedTargets", "CMakePredefinedTargets", "{71F6E0F1-4217-3887-88D1-4A6F85739BCE}"
EndProject
Project("{8BC9CEB8-8B4A-11D0-8D11-00A0C91BC942}") = "ALL_BUILD", "ALL_BUILD.vcxproj", "{A81079AE-BC57-36AB-919C-4C948F80A7B9}"
	ProjectSection(ProjectDependencies) = postProject
		{46C2D94B-2969-3E8A-A6B0-DD8604541C0D} = {46C2D94B-2969-3E8A-A6B0-DD8604541C0D}
		{480CC15E-E9D6-371A-9228-39D18AB3AB72} = {480CC15E-E9D6-371A-9228-39D18AB3AB72}
		{92B41965-0B84-3812-89AF-2751AC551C50} = {92B41965-0B84-3812-89AF-2751AC551C50}
	EndProjectSection
EndProject
Project("{8BC9CEB8-8B4A-11D0-8D11-00A0C91BC942}") = "CatalystLongevityResearch", "CatalystLongevityResearch.vcxproj", "{46C2D94B-2969-3E8A-A6B0-DD8604541C0D}"
	ProjectSection(ProjectDependencies) = postProject
		{480CC15E-E9D6-371A-9228-39D18AB3AB72} = {480CC15E-E9D6-371A-9228-39D18AB3AB72}
		{92B41965-0B84-3812-89AF-2751AC551C50} = {92B41965-0B84-3812-89AF-2751AC551C50}
	EndProjectSection
EndProject
Project("{8BC9CEB8-8B4A-11D0-8D11-00A0C91BC942}") = "INSTALL", "INSTALL.vcxproj", "{18937F7F-CC47-3E28-BDBA-819710FFF005}"
	ProjectSection(ProjectDependencies) = postProject
		{A81079AE-BC57-36AB-919C-4C948F80A7B9} = {A81079AE-BC57-36AB-919C-4C948F80A7B9}
		{92B41965-0B84-3812-89AF-2751AC551C50} = {92B41965-0B84-3812-89AF-2751AC551C50}
	EndProjectSection
EndProject
Project("{8BC9CEB8-8B4A-11D0-8D11-00A0C91BC942}") = "PACKAGE", "PACKAGE.vcxproj", "{C1767126-14AA-39F1-9F25-9C7851A9ED04}"
	ProjectSection(ProjectDependencies) = postProject
		{A81079AE-BC57-36AB-919C-4C948F80A7B9} = {A81079AE-BC57-36AB-919C-4C948F80A7B9}
		{92B41965-0B84-3812-89AF-2751AC551C50} = {92B41965-0B84-3812-89AF-2751AC551C50}
	EndProjectSection
EndProject
Project("{8BC9CEB8-8B4A-11D0-8D11-00A0C91BC942}") = "QXlsx", "_deps\qxlsx-build\QXlsx.vcxproj", "{480CC15E-E9D6-371A-9228-39D18AB3AB72}"
	ProjectSection(ProjectDependencies) = postProject
		{92B41965-0B84-3812-89AF-2751AC551C50} = {92B41965-0B84-3812-89AF-2751AC551C50}
	EndProjectSection
EndProject
Project("{8BC9CEB8-8B4A-11D0-8D11-00A0C91BC942}") = "ZERO_CHECK", "ZERO_CHECK.vcxproj", "{92B41965-0B84-3812-89AF-2751AC551C50}"
	ProjectSection(ProjectDependencies) = postProject
	EndProjectSection
EndProject
Global
	GlobalSection(SolutionConfigurationPlatforms) = preSolution
		Debug|x64 = Debug|x64
		Release|x64 = Release|x64
		MinSizeRel|x64 = MinSizeRel|x64
		RelWithDebInfo|x64 = RelWithDebInfo|x64
	EndGlobalSection
	GlobalSection(ProjectConfigurationPlatforms) = postSolution
		{A81079AE-BC57-36AB-919C-4C948F80A7B9}.Debug|x64.ActiveCfg = Debug|x64
		{A81079AE-BC57-36AB-919C-4C948F80A7B9}.Debug|x64.Build.0 = Debug|x64
		{A81079AE-BC57-36AB-919C-4C948F80A7B9}.Release|x64.ActiveCfg = Release|x64
		{A81079AE-BC57-36AB-919C-4C948F80A7B9}.Release|x64.Build.0 = Release|x64
		{A81079AE-BC57-36AB-919C-4C948F80A7B9}.MinSizeRel|x64.ActiveCfg = MinSizeRel|x64
		{A81079AE-BC57-36AB-919C-4C948F80A7B9}.MinSizeRel|x64.Build.0 = MinSizeRel|x64
		{A81079AE-BC57-36AB-919C-4C948F80A7B9}.RelWithDebInfo|x64.ActiveCfg = RelWithDebInfo|x64
		{A81079AE-BC57-36AB-919C-4C948F80A7B9}.RelWithDebInfo|x64.Build.0 = RelWithDebInfo|x64
		{46C2D94B-2969-3E8A-A6B0-DD8604541C0D}.Debug|x64.ActiveCfg = Debug|x64
		{46C2D94B-2969-3E8A-A6B0-DD8604541C0D}.Debug|x64.Build.0 = Debug|x64
		{46C2D94B-2969-3E8A-A6B0-DD8604541C0D}.Release|x64.ActiveCfg = Release|x64
		{46C2D94B-2969-3E8A-A6B0-DD8604541C0D}.Release|x64.Build.0 = Release|x64
		{46C2D94B-2969-3E8A-A6B0-DD8604541C0D}.MinSizeRel|x64.ActiveCfg = MinSizeRel|x64
		{46C2D94B-2969-3E8A-A6B0-DD8604541C0D}.MinSizeRel|x64.Build.0 = MinSizeRel|x64
		{46C2D94B-2969-3E8A-A6B0-DD8604541C0D}.RelWithDebInfo|x64.ActiveCfg = RelWithDebInfo|x64
		{46C2D94B-2969-3E8A-A6B0-DD8604541C0D}.RelWithDebInfo|x64.Build.0 = RelWithDebInfo|x64
		{18937F7F-CC47-3E28-BDBA-819710FFF005}.Debug|x64.ActiveCfg = Debug|x64
		{18937F7F-CC47-3E28-BDBA-819710FFF005}.Release|x64.ActiveCfg = Release|x64
		{18937F7F-CC47-3E28-BDBA-819710FFF005}.MinSizeRel|x64.ActiveCfg = MinSizeRel|x64
		{18937F7F-CC47-3E28-BDBA-819710FFF005}.RelWithDebInfo|x64.ActiveCfg = RelWithDebInfo|x64
		{C1767126-14AA-39F1-9F25-9C7851A9ED04}.Debug|x64.ActiveCfg = Debug|x64
		{C1767126-14AA-39F1-9F25-9C7851A9ED04}.Release|x64.ActiveCfg = Release|x64
		{C1767126-14AA-39F1-9F25-9C7851A9ED04}.MinSizeRel|x64.ActiveCfg = MinSizeRel|x64
		{C1767126-14AA-39F1-9F25-9C7851A9ED04}.RelWithDebInfo|x64.ActiveCfg = RelWithDebInfo|x64
		{480CC15E-E9D6-371A-9228-39D18AB3AB72}.Debug|x64.ActiveCfg = Debug|x64
		{480CC15E-E9D6-371A-9228-39D18AB3AB72}.Debug|x64.Build.0 = Debug|x64
		{480CC15E-E9D6-371A-9228-39D18AB3AB72}.Release|x64.ActiveCfg = Release|x64
		{480CC15E-E9D6-371A-9228-39D18AB3AB72}.Release|x64.Build.0 = Release|x64
		{480CC15E-E9D6-371A-9228-39D18AB3AB72}.MinSizeRel|x64.ActiveCfg = MinSizeRel|x64
		{480CC15E-E9D6-371A-9228-39D18AB3AB72}.MinSizeRel|x64.Build.0 = MinSizeRel|x64
		{480CC15E-E9D6-371A-9228-39D18AB3AB72}.RelWithDebInfo|x64.ActiveCfg = RelWithDebInfo|x64
		{480CC15E-E9D6-371A-9228-39D18AB3AB72}.RelWithDebInfo|x64.Build.0 = RelWithDebInfo|x64
		{92B41965-0B84-3812-89AF-2751AC551C50}.Debug|x64.ActiveCfg = Debug|x64
		{92B41965-0B84-3812-89AF-2751AC551C50}.Debug|x64.Build.0 = Debug|x64
		{92B41965-0B84-3812-89AF-2751AC551C50}.Release|x64.ActiveCfg = Release|x64
		{92B41965-0B84-3812-89AF-2751AC551C50}.Release|x64.Build.0 = Release|x64
		{92B41965-0B84-3812-89AF-2751AC551C50}.MinSizeRel|x64.ActiveCfg = MinSizeRel|x64
		{92B41965-0B84-3812-89AF-2751AC551C50}.MinSizeRel|x64.Build.0 = MinSizeRel|x64
		{92B41965-0B84-3812-89AF-2751AC551C50}.RelWithDebInfo|x64.ActiveCfg = RelWithDebInfo|x64
		{92B41965-0B84-3812-89AF-2751AC551C50}.RelWithDebInfo|x64.Build.0 = RelWithDebInfo|x64
	EndGlobalSection
	GlobalSection(NestedProjects) = preSolution
		{A81079AE-BC57-36AB-919C-4C948F80A7B9} = {71F6E0F1-4217-3887-88D1-4A6F85739BCE}
		{18937F7F-CC47-3E28-BDBA-819710FFF005} = {71F6E0F1-4217-3887-88D1-4A6F85739BCE}
		{C1767126-14AA-39F1-9F25-9C7851A9ED04} = {71F6E0F1-4217-3887-88D1-4A6F85739BCE}
		{92B41965-0B84-3812-89AF-2751AC551C50} = {71F6E0F1-4217-3887-88D1-4A6F85739BCE}
	EndGlobalSection
	GlobalSection(ExtensibilityGlobals) = postSolution
		SolutionGuid = {C8F21922-FA7E-3E42-ABF6-34F55004AE42}
	EndGlobalSection
	GlobalSection(ExtensibilityAddIns) = postSolution
	EndGlobalSection
EndGlobal
